
Microsoft Visual Studio Solution File, Format Version 12.00
# Visual Studio Version 17
VisualStudioVersion = 17.0.31612.314
MinimumVisualStudioVersion = 15.0.26124.0
Project("{2150E333-8FDC-42A3-9474-1A3956D46DE8}") = "src", "src", "{19CEF1D3-79BD-42A0-A8D0-6A17865694AE}"
EndProject
Project("{2150E333-8FDC-42A3-9474-1A3956D46DE8}") = "Core", "Core", "{63D82C2F-65B2-410E-9CB7-C6256F006100}"
EndProject
Project("{FAE04EC0-301F-11D3-BF4B-00C04F79EFBC}") = "Silk.NET.Core", "src\Core\Silk.NET.Core\Silk.NET.Core.csproj", "{A3EACBAD-5A9C-4709-BEBC-4B4928A7ED40}"
EndProject
Project("{2150E333-8FDC-42A3-9474-1A3956D46DE8}") = "Maths", "Maths", "{9B7AA528-9D7C-4022-9BC2-890A698BCD72}"
EndProject
Project("{FAE04EC0-301F-11D3-BF4B-00C04F79EFBC}") = "Silk.NET.Maths", "src\Maths\Silk.NET.Maths\Silk.NET.Maths.csproj", "{5DDA1D39-7190-4768-AB28-8174258E9740}"
EndProject
Project("{2150E333-8FDC-42A3-9474-1A3956D46DE8}") = "Windowing", "Windowing", "{31FD45CB-6A40-48F1-A15B-4105400B4F4B}"
EndProject
Project("{FAE04EC0-301F-11D3-BF4B-00C04F79EFBC}") = "Silk.NET.SDL", "src\Windowing\Silk.NET.SDL\Silk.NET.SDL.csproj", "{FE9553F5-FB93-4DE4-B2A0-B9C743A85DEB}"
EndProject
Global
	GlobalSection(SolutionConfigurationPlatforms) = preSolution
		Debug|Any CPU = Debug|Any CPU
		Debug|x64 = Debug|x64
		Debug|x86 = Debug|x86
		Release|Any CPU = Release|Any CPU
		Release|x64 = Release|x64
		Release|x86 = Release|x86
	EndGlobalSection
	GlobalSection(ProjectConfigurationPlatforms) = postSolution
		{A3EACBAD-5A9C-4709-BEBC-4B4928A7ED40}.Debug|Any CPU.ActiveCfg = Debug|Any CPU
		{A3EACBAD-5A9C-4709-BEBC-4B4928A7ED40}.Debug|Any CPU.Build.0 = Debug|Any CPU
		{A3EACBAD-5A9C-4709-BEBC-4B4928A7ED40}.Debug|x64.ActiveCfg = Debug|Any CPU
		{A3EACBAD-5A9C-4709-BEBC-4B4928A7ED40}.Debug|x64.Build.0 = Debug|Any CPU
		{A3EACBAD-5A9C-4709-BEBC-4B4928A7ED40}.Debug|x86.ActiveCfg = Debug|Any CPU
		{A3EACBAD-5A9C-4709-BEBC-4B4928A7ED40}.Debug|x86.Build.0 = Debug|Any CPU
		{A3EACBAD-5A9C-4709-BEBC-4B4928A7ED40}.Release|Any CPU.ActiveCfg = Release|Any CPU
		{A3EACBAD-5A9C-4709-BEBC-4B4928A7ED40}.Release|Any CPU.Build.0 = Release|Any CPU
		{A3EACBAD-5A9C-4709-BEBC-4B4928A7ED40}.Release|x64.ActiveCfg = Release|Any CPU
		{A3EACBAD-5A9C-4709-BEBC-4B4928A7ED40}.Release|x64.Build.0 = Release|Any CPU
		{A3EACBAD-5A9C-4709-BEBC-4B4928A7ED40}.Release|x86.ActiveCfg = Release|Any CPU
		{A3EACBAD-5A9C-4709-BEBC-4B4928A7ED40}.Release|x86.Build.0 = Release|Any CPU
		{5DDA1D39-7190-4768-AB28-8174258E9740}.Debug|Any CPU.ActiveCfg = Debug|Any CPU
		{5DDA1D39-7190-4768-AB28-8174258E9740}.Debug|Any CPU.Build.0 = Debug|Any CPU
		{5DDA1D39-7190-4768-AB28-8174258E9740}.Debug|x64.ActiveCfg = Debug|Any CPU
		{5DDA1D39-7190-4768-AB28-8174258E9740}.Debug|x64.Build.0 = Debug|Any CPU
		{5DDA1D39-7190-4768-AB28-8174258E9740}.Debug|x86.ActiveCfg = Debug|Any CPU
		{5DDA1D39-7190-4768-AB28-8174258E9740}.Debug|x86.Build.0 = Debug|Any CPU
		{5DDA1D39-7190-4768-AB28-8174258E9740}.Release|Any CPU.ActiveCfg = Release|Any CPU
		{5DDA1D39-7190-4768-AB28-8174258E9740}.Release|Any CPU.Build.0 = Release|Any CPU
		{5DDA1D39-7190-4768-AB28-8174258E9740}.Release|x64.ActiveCfg = Release|Any CPU
		{5DDA1D39-7190-4768-AB28-8174258E9740}.Release|x64.Build.0 = Release|Any CPU
		{5DDA1D39-7190-4768-AB28-8174258E9740}.Release|x86.ActiveCfg = Release|Any CPU
		{5DDA1D39-7190-4768-AB28-8174258E9740}.Release|x86.Build.0 = Release|Any CPU
		{FE9553F5-FB93-4DE4-B2A0-B9C743A85DEB}.Debug|Any CPU.ActiveCfg = Debug|Any CPU
		{FE9553F5-FB93-4DE4-B2A0-B9C743A85DEB}.Debug|Any CPU.Build.0 = Debug|Any CPU
		{FE9553F5-FB93-4DE4-B2A0-B9C743A85DEB}.Debug|x64.ActiveCfg = Debug|Any CPU
		{FE9553F5-FB93-4DE4-B2A0-B9C743A85DEB}.Debug|x64.Build.0 = Debug|Any CPU
		{FE9553F5-FB93-4DE4-B2A0-B9C743A85DEB}.Debug|x86.ActiveCfg = Debug|Any CPU
		{FE9553F5-FB93-4DE4-B2A0-B9C743A85DEB}.Debug|x86.Build.0 = Debug|Any CPU
		{FE9553F5-FB93-4DE4-B2A0-B9C743A85DEB}.Release|Any CPU.ActiveCfg = Release|Any CPU
		{FE9553F5-FB93-4DE4-B2A0-B9C743A85DEB}.Release|Any CPU.Build.0 = Release|Any CPU
		{FE9553F5-FB93-4DE4-B2A0-B9C743A85DEB}.Release|x64.ActiveCfg = Release|Any CPU
		{FE9553F5-FB93-4DE4-B2A0-B9C743A85DEB}.Release|x64.Build.0 = Release|Any CPU
		{FE9553F5-FB93-4DE4-B2A0-B9C743A85DEB}.Release|x86.ActiveCfg = Release|Any CPU
		{FE9553F5-FB93-4DE4-B2A0-B9C743A85DEB}.Release|x86.Build.0 = Release|Any CPU
	EndGlobalSection
	GlobalSection(SolutionProperties) = preSolution
		HideSolutionNode = FALSE
	EndGlobalSection
	GlobalSection(NestedProjects) = preSolution
		{63D82C2F-65B2-410E-9CB7-C6256F006100} = {19CEF1D3-79BD-42A0-A8D0-6A17865694AE}
		{A3EACBAD-5A9C-4709-BEBC-4B4928A7ED40} = {63D82C2F-65B2-410E-9CB7-C6256F006100}
		{9B7AA528-9D7C-4022-9BC2-890A698BCD72} = {19CEF1D3-79BD-42A0-A8D0-6A17865694AE}
		{5DDA1D39-7190-4768-AB28-8174258E9740} = {9B7AA528-9D7C-4022-9BC2-890A698BCD72}
		{31FD45CB-6A40-48F1-A15B-4105400B4F4B} = {19CEF1D3-79BD-42A0-A8D0-6A17865694AE}
		{FE9553F5-FB93-4DE4-B2A0-B9C743A85DEB} = {31FD45CB-6A40-48F1-A15B-4105400B4F4B}
	EndGlobalSection
	GlobalSection(ExtensibilityGlobals) = postSolution
		SolutionGuid = {F5273D7F-3334-48DF-94E3-41AE6816CD4D}
	EndGlobalSection
EndGlobal
